// !$*UTF8*$!
{
	archiveVersion = 1;
	classes = {
	};
	objectVersion = 77;
	objects = {

/* Begin PBXContainerItemProxy section */
		5BAC05782FA81CD700E4DA03 /* PBXContainerItemProxy */ = {
			isa = PBXContainerItemProxy;
			containerPortal = 5B6ABCAA2FA41F1F001A24AA /* Project object */;
			proxyType = 1;
			remoteGlobalIDString = 5B6ABCB12FA41F1F001A24AA;
			remoteInfo = AlineaChallenge;
		};
		5BAC05892FA81D1E00E4DA03 /* PBXContainerItemProxy */ = {
			isa = PBXContainerItemProxy;
			containerPortal = 5B6ABCAA2FA41F1F001A24AA /* Project object */;
			proxyType = 1;
			remoteGlobalIDString = 5B6ABCB12FA41F1F001A24AA;
			remoteInfo = AlineaChallenge;
		};
/* End PBXContainerItemProxy section */

/* Begin PBXFileReference section */
		5B6ABCB22FA41F1F001A24AA /* AlineaChallenge.app */ = {isa = PBXFileReference; explicitFileType = wrapper.application; includeInIndex = 0; path = AlineaChallenge.app; sourceTree = BUILT_PRODUCTS_DIR; };
		5BAC05742FA81CD700E4DA03 /* AlineaChallengeTests.xctest */ = {isa = PBXFileReference; explicitFileType = wrapper.cfbundle; includeInIndex = 0; path = AlineaChallengeTests.xctest; sourceTree = BUILT_PRODUCTS_DIR; };
		5BAC05832FA81D1E00E4DA03 /* AlineaChallengeUITests.xctest */ = {isa = PBXFileReference; explicitFileType = wrapper.cfbundle; includeInIndex = 0; path = AlineaChallengeUITests.xctest; sourceTree = BUILT_PRODUCTS_DIR; };
/* End PBXFileReference section */

/* Begin PBXFileSystemSynchronizedBuildFileExceptionSet section */
		5BAC04B22FA6793300E4DA03 /* Exceptions for "AlineaChallenge" folder in "AlineaChallenge" target */ = {
			isa = PBXFileSystemSynchronizedBuildFileExceptionSet;
			membershipExceptions = (
				Info.plist,
			);
			target = 5B6ABCB12FA41F1F001A24AA /* AlineaChallenge */;
		};
/* End PBXFileSystemSynchronizedBuildFileExceptionSet section */

/* Begin PBXFileSystemSynchronizedRootGroup section */
		5B6ABCB42FA41F1F001A24AA /* AlineaChallenge */ = {
			isa = PBXFileSystemSynchronizedRootGroup;
			exceptions = (
				5BAC04B22FA6793300E4DA03 /* Exceptions for "AlineaChallenge" folder in "AlineaChallenge" target */,
			);
			path = AlineaChallenge;
			sourceTree = "<group>";
		};
		5BAC05752FA81CD700E4DA03 /* AlineaChallengeTests */ = {
			isa = PBXFileSystemSynchronizedRootGroup;
			path = AlineaChallengeTests;
			sourceTree = "<group>";
		};
		5BAC05842FA81D1E00E4DA03 /* AlineaChallengeUITests */ = {
			isa = PBXFileSystemSynchronizedRootGroup;
			path = AlineaChallengeUITests;
			sourceTree = "<group>";
		};
/* End PBXFileSystemSynchronizedRootGroup section */

/* Begin PBXFrameworksBuildPhase section */
		5B6ABCAF2FA41F1F001A24AA /* Frameworks */ = {
			isa = PBXFrameworksBuildPhase;
			buildActionMask = 2147483647;
			files = (
			);
			runOnlyForDeploymentPostprocessing = 0;
		};
		5BAC05712FA81CD700E4DA03 /* Frameworks */ = {
			isa = PBXFrameworksBuildPhase;
			buildActionMask = 2147483647;
			files = (
			);
			runOnlyForDeploymentPostprocessing = 0;
		};
		5BAC05802FA81D1E00E4DA03 /* Frameworks */ = {
			isa = PBXFrameworksBuildPhase;
			buildActionMask = 2147483647;
			files = (
			);
			runOnlyForDeploymentPostprocessing = 0;
		};
/* End PBXFrameworksBuildPhase section */

/* Begin PBXGroup section */
		5B6ABCA92FA41F1E001A24AA = {
			isa = PBXGroup;
			children = (
				5B6ABCB42FA41F1F001A24AA /* AlineaChallenge */,
				5BAC05752FA81CD700E4DA03 /* AlineaChallengeTests */,
				5BAC05842FA81D1E00E4DA03 /* AlineaChallengeUITests */,
				5B6ABCB32FA41F1F001A24AA /* Products */,
			);
			sourceTree = "<group>";
		};
		5B6ABCB32FA41F1F001A24AA /* Products */ = {
			isa = PBXGroup;
			children = (
				5B6ABCB22FA41F1F001A24AA /* AlineaChallenge.app */,
				5BAC05742FA81CD700E4DA03 /* AlineaChallengeTests.xctest */,
				5BAC05832FA81D1E00E4DA03 /* AlineaChallengeUITests.xctest */,
			);
			name = Products;
			sourceTree = "<group>";
		};
/* End PBXGroup section */

/* Begin PBXNativeTarget section */
		5B6ABCB12FA41F1F001A24AA /* AlineaChallenge */ = {
			isa = PBXNativeTarget;
			buildConfigurationList = 5B6ABCBD2FA41F21001A24AA /* Build configuration list for PBXNativeTarget "AlineaChallenge" */;
			buildPhases = (
				5B6ABCAE2FA41F1F001A24AA /* Sources */,
				5B6ABCAF2FA41F1F001A24AA /* Frameworks */,
				5B6ABCB02FA41F1F001A24AA /* Resources */,
			);
			buildRules = (
			);
			dependencies = (
			);
			fileSystemSynchronizedGroups = (
				5B6ABCB42FA41F1F001A24AA /* AlineaChallenge */,
			);
			name = AlineaChallenge;
			packageProductDependencies = (
			);
			productName = AlineaChallenge;
			productReference = 5B6ABCB22FA41F1F001A24AA /* AlineaChallenge.app */;
			productType = "com.apple.product-type.application";
		};
		5BAC05732FA81CD700E4DA03 /* AlineaChallengeTests */ = {
			isa = PBXNativeTarget;
			buildConfigurationList = 5BAC057A2FA81CD700E4DA03 /* Build configuration list for PBXNativeTarget "AlineaChallengeTests" */;
			buildPhases = (
				5BAC05702FA81CD700E4DA03 /* Sources */,
				5BAC05712FA81CD700E4DA03 /* Frameworks */,
				5BAC05722FA81CD700E4DA03 /* Resources */,
			);
			buildRules = (
			);
			dependencies = (
				5BAC05792FA81CD700E4DA03 /* PBXTargetDependency */,
			);
			fileSystemSynchronizedGroups = (
				5BAC05752FA81CD700E4DA03 /* AlineaChallengeTests */,
			);
			name = AlineaChallengeTests;
			packageProductDependencies = (
			);
			productName = AlineaChallengeTests;
			productReference = 5BAC05742FA81CD700E4DA03 /* AlineaChallengeTests.xctest */;
			productType = "com.apple.product-type.bundle.unit-test";
		};
		5BAC05822FA81D1E00E4DA03 /* AlineaChallengeUITests */ = {
			isa = PBXNativeTarget;
			buildConfigurationList = 5BAC058B2FA81D1E00E4DA03 /* Build configuration list for PBXNativeTarget "AlineaChallengeUITests" */;
			buildPhases = (
				5BAC057F2FA81D1E00E4DA03 /* Sources */,
				5BAC05802FA81D1E00E4DA03 /* Frameworks */,
				5BAC05812FA81D1E00E4DA03 /* Resources */,
			);
			buildRules = (
			);
			dependencies = (
				5BAC058A2FA81D1E00E4DA03 /* PBXTargetDependency */,
			);
			fileSystemSynchronizedGroups = (
				5BAC05842FA81D1E00E4DA03 /* AlineaChallengeUITests */,
			);
			name = AlineaChallengeUITests;
			packageProductDependencies = (
			);
			productName = AlineaChallengeUITests;
			productReference = 5BAC05832FA81D1E00E4DA03 /* AlineaChallengeUITests.xctest */;
			productType = "com.apple.product-type.bundle.ui-testing";
		};
/* End PBXNativeTarget section */

/* Begin PBXProject section */
		5B6ABCAA2FA41F1F001A24AA /* Project object */ = {
			isa = PBXProject;
			attributes = {
				BuildIndependentTargetsInParallel = 1;
				LastSwiftUpdateCheck = 2620;
				LastUpgradeCheck = 2620;
				TargetAttributes = {
					5B6ABCB12FA41F1F001A24AA = {
						CreatedOnToolsVersion = 26.2;
					};
					5BAC05732FA81CD700E4DA03 = {
						CreatedOnToolsVersion = 26.2;
						TestTargetID = 5B6ABCB12FA41F1F001A24AA;
					};
					5BAC05822FA81D1E00E4DA03 = {
						CreatedOnToolsVersion = 26.2;
						TestTargetID = 5B6ABCB12FA41F1F001A24AA;
					};
				};
			};
			buildConfigurationList = 5B6ABCAD2FA41F1F001A24AA /* Build configuration list for PBXProject "AlineaChallenge" */;
			developmentRegion = en;
			hasScannedForEncodings = 0;
			knownRegions = (
				en,
				Base,
			);
			mainGroup = 5B6ABCA92FA41F1E001A24AA;
			minimizedProjectReferenceProxies = 1;
			preferredProjectObjectVersion = 77;
			productRefGroup = 5B6ABCB32FA41F1F001A24AA /* Products */;
			projectDirPath = "";
			projectRoot = "";
			targets = (
				5B6ABCB12FA41F1F001A24AA /* AlineaChallenge */,
				5BAC05732FA81CD700E4DA03 /* AlineaChallengeTests */,
				5BAC05822FA81D1E00E4DA03 /* AlineaChallengeUITests */,
			);
		};
/* End PBXProject section */

/* Begin PBXResourcesBuildPhase section */
		5B6ABCB02FA41F1F001A24AA /* Resources */ = {
			isa = PBXResourcesBuildPhase;
			buildActionMask = 2147483647;
			files = (
			);
			runOnlyForDeploymentPostprocessing = 0;
		};
		5BAC05722FA81CD700E4DA03 /* Resources */ = {
			isa = PBXResourcesBuildPhase;
			buildActionMask = 2147483647;
			files = (
			);
			runOnlyForDeploymentPostprocessing = 0;
		};
		5BAC05812FA81D1E00E4DA03 /* Resources */ = {
			isa = PBXResourcesBuildPhase;
			buildActionMask = 2147483647;
			files = (
			);
			runOnlyForDeploymentPostprocessing = 0;
		};
/* End PBXResourcesBuildPhase section */

/* Begin PBXSourcesBuildPhase section */
		5B6ABCAE2FA41F1F001A24AA /* Sources */ = {
			isa = PBXSourcesBuildPhase;
			buildActionMask = 2147483647;
			files = (
			);
			runOnlyForDeploymentPostprocessing = 0;
		};
		5BAC05702FA81CD700E4DA03 /* Sources */ = {
			isa = PBXSourcesBuildPhase;
			buildActionMask = 2147483647;
			files = (
			);
			runOnlyForDeploymentPostprocessing = 0;
		};
		5BAC057F2FA81D1E00E4DA03 /* Sources */ = {
			isa = PBXSourcesBuildPhase;
			buildActionMask = 2147483647;
			files = (
			);
			runOnlyForDeploymentPostprocessing = 0;
		};
/* End PBXSourcesBuildPhase section */

/* Begin PBXTargetDependency section */
		5BAC05792FA81CD700E4DA03 /* PBXTargetDependency */ = {
			isa = PBXTargetDependency;
			target = 5B6ABCB12FA41F1F001A24AA /* AlineaChallenge */;
			targetProxy = 5BAC05782FA81CD700E4DA03 /* PBXContainerItemProxy */;
		};
		5BAC058A2FA81D1E00E4DA03 /* PBXTargetDependency */ = {
			isa = PBXTargetDependency;
			target = 5B6ABCB12FA41F1F001A24AA /* AlineaChallenge */;
			targetProxy = 5BAC05892FA81D1E00E4DA03 /* PBXContainerItemProxy */;
		};
/* End PBXTargetDependency section */

/* Begin XCBuildConfiguration section */
		5B6ABCBB2FA41F21001A24AA /* Debug */ = {
			isa = XCBuildConfiguration;
			buildSettings = {
				ALWAYS_SEARCH_USER_PATHS = NO;
				ASSETCATALOG_COMPILER_GENERATE_SWIFT_ASSET_SYMBOL_EXTENSIONS = YES;
				CLANG_ANALYZER_NONNULL = YES;
				CLANG_ANALYZER_NUMBER_OBJECT_CONVERSION = YES_AGGRESSIVE;
				CLANG_CXX_LANGUAGE_STANDARD = "gnu++20";
				CLANG_ENABLE_MODULES = YES;
				CLANG_ENABLE_OBJC_ARC = YES;
				CLANG_ENABLE_OBJC_WEAK = YES;
				CLANG_WARN_BLOCK_CAPTURE_AUTORELEASING = YES;
				CLANG_WARN_BOOL_CONVERSION = YES;
				CLANG_WARN_COMMA = YES;
				CLANG_WARN_CONSTANT_CONVERSION = YES;
				CLANG_WARN_DEPRECATED_OBJC_IMPLEMENTATIONS = YES;
				CLANG_WARN_DIRECT_OBJC_ISA_USAGE = YES_ERROR;
				CLANG_WARN_DOCUMENTATION_COMMENTS = YES;
				CLANG_WARN_EMPTY_BODY = YES;
				CLANG_WARN_ENUM_CONVERSION = YES;
				CLANG_WARN_INFINITE_RECURSION = YES;
				CLANG_WARN_INT_CONVERSION = YES;
				CLANG_WARN_NON_LITERAL_NULL_CONVERSION = YES;
				CLANG_WARN_OBJC_IMPLICIT_RETAIN_SELF = YES;
				CLANG_WARN_OBJC_LITERAL_CONVERSION = YES;
				CLANG_WARN_OBJC_ROOT_CLASS = YES_ERROR;
				CLANG_WARN_QUOTED_INCLUDE_IN_FRAMEWORK_HEADER = YES;
				CLANG_WARN_RANGE_LOOP_ANALYSIS = YES;
				CLANG_WARN_STRICT_PROTOTYPES = YES;
				CLANG_WARN_SUSPICIOUS_MOVE = YES;
				CLANG_WARN_UNGUARDED_AVAILABILITY = YES_AGGRESSIVE;
				CLANG_WARN_UNREACHABLE_CODE = YES;
				CLANG_WARN__DUPLICATE_METHOD_MATCH = YES;
				COPY_PHASE_STRIP = NO;
				DEBUG_INFORMATION_FORMAT = dwarf;
				DEVELOPMENT_TEAM = DWVQWGT337;
				ENABLE_STRICT_OBJC_MSGSEND = YES;
				ENABLE_TESTABILITY = YES;
				ENABLE_USER_SCRIPT_SANDBOXING = YES;
				GCC_C_LANGUAGE_STANDARD = gnu17;
				GCC_DYNAMIC_NO_PIC = NO;
				GCC_NO_COMMON_BLOCKS = YES;
				GCC_OPTIMIZATION_LEVEL = 0;
				GCC_PREPROCESSOR_DEFINITIONS = (
					"DEBUG=1",
					"$(inherited)",
				);
				GCC_WARN_64_TO_32_BIT_CONVERSION = YES;
				GCC_WARN_ABOUT_RETURN_TYPE = YES_ERROR;
				GCC_WARN_UNDECLARED_SELECTOR = YES;
				GCC_WARN_UNINITIALIZED_AUTOS = YES_AGGRESSIVE;
				GCC_WARN_UNUSED_FUNCTION = YES;
				GCC_WARN_UNUSED_VARIABLE = YES;
				IPHONEOS_DEPLOYMENT_TARGET = 26.0;
				LOCALIZATION_PREFERS_STRING_CATALOGS = YES;
				MTL_ENABLE_DEBUG_INFO = INCLUDE_SOURCE;
				MTL_FAST_MATH = YES;
				ONLY_ACTIVE_ARCH = YES;
				SDKROOT = iphoneos;
				SWIFT_ACTIVE_COMPILATION_CONDITIONS = "DEBUG $(inherited)";
				SWIFT_OPTIMIZATION_LEVEL = "-Onone";
			};
			name = Debug;
		};
		5B6ABCBC2FA41F21001A24AA /* Release */ = {
			isa = XCBuildConfiguration;
			buildSettings = {
				ALWAYS_SEARCH_USER_PATHS = NO;
				ASSETCATALOG_COMPILER_GENERATE_SWIFT_ASSET_SYMBOL_EXTENSIONS = YES;
				CLANG_ANALYZER_NONNULL = YES;
				CLANG_ANALYZER_NUMBER_OBJECT_CONVERSION = YES_AGGRESSIVE;
				CLANG_CXX_LANGUAGE_STANDARD = "gnu++20";
				CLANG_ENABLE_MODULES = YES;
				CLANG_ENABLE_OBJC_ARC = YES;
				CLANG_ENABLE_OBJC_WEAK = YES;
				CLANG_WARN_BLOCK_CAPTURE_AUTORELEASING = YES;
				CLANG_WARN_BOOL_CONVERSION = YES;
				CLANG_WARN_COMMA = YES;
				CLANG_WARN_CONSTANT_CONVERSION = YES;
				CLANG_WARN_DEPRECATED_OBJC_IMPLEMENTATIONS = YES;
				CLANG_WARN_DIRECT_OBJC_ISA_USAGE = YES_ERROR;
				CLANG_WARN_DOCUMENTATION_COMMENTS = YES;
				CLANG_WARN_EMPTY_BODY = YES;
				CLANG_WARN_ENUM_CONVERSION = YES;
				CLANG_WARN_INFINITE_RECURSION = YES;
				CLANG_WARN_INT_CONVERSION = YES;
				CLANG_WARN_NON_LITERAL_NULL_CONVERSION = YES;
				CLANG_WARN_OBJC_IMPLICIT_RETAIN_SELF = YES;
				CLANG_WARN_OBJC_LITERAL_CONVERSION = YES;
				CLANG_WARN_OBJC_ROOT_CLASS = YES_ERROR;
				CLANG_WARN_QUOTED_INCLUDE_IN_FRAMEWORK_HEADER = YES;
				CLANG_WARN_RANGE_LOOP_ANALYSIS = YES;
				CLANG_WARN_STRICT_PROTOTYPES = YES;
				CLANG_WARN_SUSPICIOUS_MOVE = YES;
				CLANG_WARN_UNGUARDED_AVAILABILITY = YES_AGGRESSIVE;
				CLANG_WARN_UNREACHABLE_CODE = YES;
				CLANG_WARN__DUPLICATE_METHOD_MATCH = YES;
				COPY_PHASE_STRIP = NO;
				DEBUG_INFORMATION_FORMAT = "dwarf-with-dsym";
				DEVELOPMENT_TEAM = DWVQWGT337;
				ENABLE_NS_ASSERTIONS = NO;
				ENABLE_STRICT_OBJC_MSGSEND = YES;
				ENABLE_USER_SCRIPT_SANDBOXING = YES;
				GCC_C_LANGUAGE_STANDARD = gnu17;
				GCC_NO_COMMON_BLOCKS = YES;
				GCC_WARN_64_TO_32_BIT_CONVERSION = YES;
				GCC_WARN_ABOUT_RETURN_TYPE = YES_ERROR;
				GCC_WARN_UNDECLARED_SELECTOR = YES;
				GCC_WARN_UNINITIALIZED_AUTOS = YES_AGGRESSIVE;
				GCC_WARN_UNUSED_FUNCTION = YES;
				GCC_WARN_UNUSED_VARIABLE = YES;
				IPHONEOS_DEPLOYMENT_TARGET = 26.0;
				LOCALIZATION_PREFERS_STRING_CATALOGS = YES;
				MTL_ENABLE_DEBUG_INFO = NO;
				MTL_FAST_MATH = YES;
				SDKROOT = iphoneos;
				SWIFT_COMPILATION_MODE = wholemodule;
				VALIDATE_PRODUCT = YES;
			};
			name = Release;
		};
		5B6ABCBE2FA41F21001A24AA /* Debug */ = {
			isa = XCBuildConfiguration;
			buildSettings = {
				ASSETCATALOG_COMPILER_APPICON_NAME = AppIcon;
				ASSETCATALOG_COMPILER_GLOBAL_ACCENT_COLOR_NAME = AccentColor;
				CODE_SIGN_STYLE = Automatic;
				CURRENT_PROJECT_VERSION = 1;
				DEVELOPMENT_TEAM = DWVQWGT337;
				ENABLE_PREVIEWS = YES;
				GENERATE_INFOPLIST_FILE = YES;
				INFOPLIST_FILE = AlineaChallenge/Info.plist;
				INFOPLIST_KEY_LSApplicationCategoryType = "";
				INFOPLIST_KEY_UIApplicationSceneManifest_Generation = YES;
				INFOPLIST_KEY_UIApplicationSupportsIndirectInputEvents = YES;
				INFOPLIST_KEY_UILaunchScreen_Generation = YES;
				INFOPLIST_KEY_UISupportedInterfaceOrientations = UIInterfaceOrientationPortrait;
				LD_RUNPATH_SEARCH_PATHS = (
					"$(inherited)",
					"@executable_path/Frameworks",
				);
				MARKETING_VERSION = 1.0;
				PRODUCT_BUNDLE_IDENTIFIER = com.salvaterratech.AlineaChallenge;
				PRODUCT_NAME = "$(TARGET_NAME)";
				STRING_CATALOG_GENERATE_SYMBOLS = YES;
				SWIFT_APPROACHABLE_CONCURRENCY = YES;
				SWIFT_DEFAULT_ACTOR_ISOLATION = MainActor;
				SWIFT_EMIT_LOC_STRINGS = YES;
				SWIFT_UPCOMING_FEATURE_MEMBER_IMPORT_VISIBILITY = YES;
				SWIFT_VERSION = 5.0;
				TARGETED_DEVICE_FAMILY = "1,2";
			};
			name = Debug;
		};
		5B6ABCBF2FA41F21001A24AA /* Release */ = {
			isa = XCBuildConfiguration;
			buildSettings = {
				ASSETCATALOG_COMPILER_APPICON_NAME = AppIcon;
				ASSETCATALOG_COMPILER_GLOBAL_ACCENT_COLOR_NAME = AccentColor;
				CODE_SIGN_STYLE = Automatic;
				CURRENT_PROJECT_VERSION = 1;
				DEVELOPMENT_TEAM = DWVQWGT337;
				ENABLE_PREVIEWS = YES;
				GENERATE_INFOPLIST_FILE = YES;
				INFOPLIST_FILE = AlineaChallenge/Info.plist;
				INFOPLIST_KEY_LSApplicationCategoryType = "";
				INFOPLIST_KEY_UIApplicationSceneManifest_Generation = YES;
				INFOPLIST_KEY_UIApplicationSupportsIndirectInputEvents = YES;
				INFOPLIST_KEY_UILaunchScreen_Generation = YES;
				INFOPLIST_KEY_UISupportedInterfaceOrientations = UIInterfaceOrientationPortrait;
				LD_RUNPATH_SEARCH_PATHS = (
					"$(inherited)",
					"@executable_path/Frameworks",
				);
				MARKETING_VERSION = 1.0;
				PRODUCT_BUNDLE_IDENTIFIER = com.salvaterratech.AlineaChallenge;
				PRODUCT_NAME = "$(TARGET_NAME)";
				STRING_CATALOG_GENERATE_SYMBOLS = YES;
				SWIFT_APPROACHABLE_CONCURRENCY = YES;
				SWIFT_DEFAULT_ACTOR_ISOLATION = MainActor;
				SWIFT_EMIT_LOC_STRINGS = YES;
				SWIFT_UPCOMING_FEATURE_MEMBER_IMPORT_VISIBILITY = YES;
				SWIFT_VERSION = 5.0;
				TARGETED_DEVICE_FAMILY = "1,2";
			};
			name = Release;
		};
		5BAC057B2FA81CD700E4DA03 /* Debug */ = {
			isa = XCBuildConfiguration;
			buildSettings = {
				BUNDLE_LOADER = "$(TEST_HOST)";
				CODE_SIGN_STYLE = Automatic;
				CURRENT_PROJECT_VERSION = 1;
				DEVELOPMENT_TEAM = DWVQWGT337;
				GENERATE_INFOPLIST_FILE = YES;
				IPHONEOS_DEPLOYMENT_TARGET = 26.2;
				MARKETING_VERSION = 1.0;
				PRODUCT_BUNDLE_IDENTIFIER = com.salvaterratech.AlineaChallengeTests;
				PRODUCT_NAME = "$(TARGET_NAME)";
				STRING_CATALOG_GENERATE_SYMBOLS = NO;
				SWIFT_APPROACHABLE_CONCURRENCY = YES;
				SWIFT_EMIT_LOC_STRINGS = NO;
				SWIFT_UPCOMING_FEATURE_MEMBER_IMPORT_VISIBILITY = YES;
				SWIFT_VERSION = 5.0;
				TARGETED_DEVICE_FAMILY = "1,2";
				TEST_HOST = "$(BUILT_PRODUCTS_DIR)/AlineaChallenge.app/$(BUNDLE_EXECUTABLE_FOLDER_PATH)/AlineaChallenge";
			};
			name = Debug;
		};
		5BAC057C2FA81CD700E4DA03 /* Release */ = {
			isa = XCBuildConfiguration;
			buildSettings = {
				BUNDLE_LOADER = "$(TEST_HOST)";
				CODE_SIGN_STYLE = Automatic;
				CURRENT_PROJECT_VERSION = 1;
				DEVELOPMENT_TEAM = DWVQWGT337;
				GENERATE_INFOPLIST_FILE = YES;
				IPHONEOS_DEPLOYMENT_TARGET = 26.2;
				MARKETING_VERSION = 1.0;
				PRODUCT_BUNDLE_IDENTIFIER = com.salvaterratech.AlineaChallengeTests;
				PRODUCT_NAME = "$(TARGET_NAME)";
				STRING_CATALOG_GENERATE_SYMBOLS = NO;
				SWIFT_APPROACHABLE_CONCURRENCY = YES;
				SWIFT_EMIT_LOC_STRINGS = NO;
				SWIFT_UPCOMING_FEATURE_MEMBER_IMPORT_VISIBILITY = YES;
				SWIFT_VERSION = 5.0;
				TARGETED_DEVICE_FAMILY = "1,2";
				TEST_HOST = "$(BUILT_PRODUCTS_DIR)/AlineaChallenge.app/$(BUNDLE_EXECUTABLE_FOLDER_PATH)/AlineaChallenge";
			};
			name = Release;
		};
		5BAC058C2FA81D1E00E4DA03 /* Debug */ = {
			isa = XCBuildConfiguration;
			buildSettings = {
				CODE_SIGN_STYLE = Automatic;
				CURRENT_PROJECT_VERSION = 1;
				DEVELOPMENT_TEAM = DWVQWGT337;
				GENERATE_INFOPLIST_FILE = YES;
				IPHONEOS_DEPLOYMENT_TARGET = 26.2;
				MARKETING_VERSION = 1.0;
				PRODUCT_BUNDLE_IDENTIFIER = com.salvaterratech.AlineaChallengeUITests;
				PRODUCT_NAME = "$(TARGET_NAME)";
				STRING_CATALOG_GENERATE_SYMBOLS = NO;
				SWIFT_APPROACHABLE_CONCURRENCY = YES;
				SWIFT_EMIT_LOC_STRINGS = NO;
				SWIFT_UPCOMING_FEATURE_MEMBER_IMPORT_VISIBILITY = YES;
				SWIFT_VERSION = 5.0;
				TARGETED_DEVICE_FAMILY = "1,2";
				TEST_TARGET_NAME = AlineaChallenge;
			};
			name = Debug;
		};
		5BAC058D2FA81D1E00E4DA03 /* Release */ = {
			isa = XCBuildConfiguration;
			buildSettings = {
				CODE_SIGN_STYLE = Automatic;
				CURRENT_PROJECT_VERSION = 1;
				DEVELOPMENT_TEAM = DWVQWGT337;
				GENERATE_INFOPLIST_FILE = YES;
				IPHONEOS_DEPLOYMENT_TARGET = 26.2;
				MARKETING_VERSION = 1.0;
				PRODUCT_BUNDLE_IDENTIFIER = com.salvaterratech.AlineaChallengeUITests;
				PRODUCT_NAME = "$(TARGET_NAME)";
				STRING_CATALOG_GENERATE_SYMBOLS = NO;
				SWIFT_APPROACHABLE_CONCURRENCY = YES;
				SWIFT_EMIT_LOC_STRINGS = NO;
				SWIFT_UPCOMING_FEATURE_MEMBER_IMPORT_VISIBILITY = YES;
				SWIFT_VERSION = 5.0;
				TARGETED_DEVICE_FAMILY = "1,2";
				TEST_TARGET_NAME = AlineaChallenge;
			};
			name = Release;
		};
/* End XCBuildConfiguration section */

/* Begin XCConfigurationList section */
		5B6ABCAD2FA41F1F001A24AA /* Build configuration list for PBXProject "AlineaChallenge" */ = {
			isa = XCConfigurationList;
			buildConfigurations = (
				5B6ABCBB2FA41F21001A24AA /* Debug */,
				5B6ABCBC2FA41F21001A24AA /* Release */,
			);
			defaultConfigurationIsVisible = 0;
			defaultConfigurationName = Release;
		};
		5B6ABCBD2FA41F21001A24AA /* Build configuration list for PBXNativeTarget "AlineaChallenge" */ = {
			isa = XCConfigurationList;
			buildConfigurations = (
				5B6ABCBE2FA41F21001A24AA /* Debug */,
				5B6ABCBF2FA41F21001A24AA /* Release */,
			);
			defaultConfigurationIsVisible = 0;
			defaultConfigurationName = Release;
		};
		5BAC057A2FA81CD700E4DA03 /* Build configuration list for PBXNativeTarget "AlineaChallengeTests" */ = {
			isa = XCConfigurationList;
			buildConfigurations = (
				5BAC057B2FA81CD700E4DA03 /* Debug */,
				5BAC057C2FA81CD700E4DA03 /* Release */,
			);
			defaultConfigurationIsVisible = 0;
			defaultConfigurationName = Release;
		};
		5BAC058B2FA81D1E00E4DA03 /* Build configuration list for PBXNativeTarget "AlineaChallengeUITests" */ = {
			isa = XCConfigurationList;
			buildConfigurations = (
				5BAC058C2FA81D1E00E4DA03 /* Debug */,
				5BAC058D2FA81D1E00E4DA03 /* Release */,
			);
			defaultConfigurationIsVisible = 0;
			defaultConfigurationName = Release;
		};
/* End XCConfigurationList section */
	};
	rootObject = 5B6ABCAA2FA41F1F001A24AA /* Project object */;
}
